# This file is automatically @generated by Cargo.
# It is not intended for manual editing.
version = 4

[[package]]
name = "mcp-lock"
version = "0.0.0"

[[package]]
name = "mcp-lock-core"
version = "0.0.0"

[[package]]
name = "mcp-lock-transport"
version = "0.0.0"

[[package]]
name = "mcp-lockd"
version = "0.0.0"
dependencies = [
 "mcp-lock-core",
 "mcp-lock-transport",
]
